<Solution>
  <Folder Name="/src/">
    <Project Path="src/SRGS.Api/SRGS.Api.csproj" />
    <Project Path="src/SRGS.Application/SRGS.Application.csproj" />
    <Project Path="src/SRGS.Domain/SRGS.Domain.csproj" />
    <Project Path="src/SRGS.infrastructure/SRGS.infrastructure.csproj" />
  </Folder>
</Solution>
